
Microsoft Visual Studio Solution File, Format Version 12.00
# Visual Studio Version 17
VisualStudioVersion = 17.5.33502.453
MinimumVisualStudioVersion = 10.0.40219.1
Project("{FAE04EC0-301F-11D3-BF4B-00C04F79EFBC}") = "SMSHelper", "SMSHelper\SMSHelper.csproj", "{9CEA2F5C-2786-4246-9F2E-A7417E1FDB41}"
EndProject
Global
	GlobalSection(SolutionConfigurationPlatforms) = preSolution
		Debug|Any CPU = Debug|Any CPU
		Release|Any CPU = Release|Any CPU
	EndGlobalSection
	GlobalSection(ProjectConfigurationPlatforms) = postSolution
		{9CEA2F5C-2786-4246-9F2E-A7417E1FDB41}.Debug|Any CPU.ActiveCfg = Debug|Any CPU
		{9CEA2F5C-2786-4246-9F2E-A7417E1FDB41}.Debug|Any CPU.Build.0 = Debug|Any CPU
		{9CEA2F5C-2786-4246-9F2E-A7417E1FDB41}.Release|Any CPU.ActiveCfg = Release|Any CPU
		{9CEA2F5C-2786-4246-9F2E-A7417E1FDB41}.Release|Any CPU.Build.0 = Release|Any CPU
	EndGlobalSection
	GlobalSection(SolutionProperties) = preSolution
		HideSolutionNode = FALSE
	EndGlobalSection
	GlobalSection(ExtensibilityGlobals) = postSolution
		SolutionGuid = {295B3EC3-C0B4-46AB-9A3E-3F39536E1D97}
	EndGlobalSection
EndGlobal
