
Microsoft Visual Studio Solution File, Format Version 12.00
# Visual Studio Version 17
VisualStudioVersion = 17.5.33502.453
MinimumVisualStudioVersion = 10.0.40219.1
Project("{FAE04EC0-301F-11D3-BF4B-00C04F79EFBC}") = "ZkTesting", "ZkTesting\ZkTesting.csproj", "{6F109DE9-754E-40F4-9FAB-911B9BA4C0DC}"
EndProject
Global
	GlobalSection(SolutionConfigurationPlatforms) = preSolution
		Debug|Any CPU = Debug|Any CPU
		Release|Any CPU = Release|Any CPU
	EndGlobalSection
	GlobalSection(ProjectConfigurationPlatforms) = postSolution
		{6F109DE9-754E-40F4-9FAB-911B9BA4C0DC}.Debug|Any CPU.ActiveCfg = Debug|Any CPU
		{6F109DE9-754E-40F4-9FAB-911B9BA4C0DC}.Debug|Any CPU.Build.0 = Debug|Any CPU
		{6F109DE9-754E-40F4-9FAB-911B9BA4C0DC}.Release|Any CPU.ActiveCfg = Release|Any CPU
		{6F109DE9-754E-40F4-9FAB-911B9BA4C0DC}.Release|Any CPU.Build.0 = Release|Any CPU
	EndGlobalSection
	GlobalSection(SolutionProperties) = preSolution
		HideSolutionNode = FALSE
	EndGlobalSection
	GlobalSection(ExtensibilityGlobals) = postSolution
		SolutionGuid = {CBCAB001-6DA9-4384-809D-46241BAABB1D}
	EndGlobalSection
EndGlobal
